
Microsoft Visual Studio Solution File, Format Version 12.00
# Visual Studio Version 17
VisualStudioVersion = 17.1.32210.238
MinimumVisualStudioVersion = 10.0.40219.1
Project("{9A19103F-16F7-4668-BE54-9A1E7A4F7556}") = "FishTank", "FishTank.csproj", "{CF35480F-0495-4D89-B420-E722792A4F42}"
EndProject
Project("{FAE04EC0-301F-11D3-BF4B-00C04F79EFBC}") = "TestFishTank", "..\TestFishTank\TestFishTank.csproj", "{1DC6A218-1E3E-4E33-8E6B-A9CFCEF5B3B4}"
EndProject
Global
	GlobalSection(SolutionConfigurationPlatforms) = preSolution
		Debug|Any CPU = Debug|Any CPU
		Release|Any CPU = Release|Any CPU
	EndGlobalSection
	GlobalSection(ProjectConfigurationPlatforms) = postSolution
		{CF35480F-0495-4D89-B420-E722792A4F42}.Debug|Any CPU.ActiveCfg = Debug|Any CPU
		{CF35480F-0495-4D89-B420-E722792A4F42}.Debug|Any CPU.Build.0 = Debug|Any CPU
		{CF35480F-0495-4D89-B420-E722792A4F42}.Release|Any CPU.ActiveCfg = Release|Any CPU
		{CF35480F-0495-4D89-B420-E722792A4F42}.Release|Any CPU.Build.0 = Release|Any CPU
		{1DC6A218-1E3E-4E33-8E6B-A9CFCEF5B3B4}.Debug|Any CPU.ActiveCfg = Debug|Any CPU
		{1DC6A218-1E3E-4E33-8E6B-A9CFCEF5B3B4}.Debug|Any CPU.Build.0 = Debug|Any CPU
		{1DC6A218-1E3E-4E33-8E6B-A9CFCEF5B3B4}.Release|Any CPU.ActiveCfg = Release|Any CPU
		{1DC6A218-1E3E-4E33-8E6B-A9CFCEF5B3B4}.Release|Any CPU.Build.0 = Release|Any CPU
	EndGlobalSection
	GlobalSection(SolutionProperties) = preSolution
		HideSolutionNode = FALSE
	EndGlobalSection
	GlobalSection(ExtensibilityGlobals) = postSolution
		SolutionGuid = {8EC9A900-3F0B-4EB0-9AB5-F164BAC2DA44}
	EndGlobalSection
EndGlobal
